
Microsoft Visual Studio Solution File, Format Version 12.00
# Visual Studio Version 16
VisualStudioVersion = 16.0.29215.179
MinimumVisualStudioVersion = 10.0.40219.1
Project("{FAE04EC0-301F-11D3-BF4B-00C04F79EFBC}") = "SQLHelperPro", "SQLHelperPro\SQLHelperPro.csproj", "{A7DDD3C8-BCE1-4F67-ACB2-C70DF49DF8FF}"
EndProject
Global
	GlobalSection(SolutionConfigurationPlatforms) = preSolution
		Debug|Any CPU = Debug|Any CPU
		Release|Any CPU = Release|Any CPU
	EndGlobalSection
	GlobalSection(ProjectConfigurationPlatforms) = postSolution
		{A7DDD3C8-BCE1-4F67-ACB2-C70DF49DF8FF}.Debug|Any CPU.ActiveCfg = Debug|Any CPU
		{A7DDD3C8-BCE1-4F67-ACB2-C70DF49DF8FF}.Debug|Any CPU.Build.0 = Debug|Any CPU
		{A7DDD3C8-BCE1-4F67-ACB2-C70DF49DF8FF}.Release|Any CPU.ActiveCfg = Release|Any CPU
		{A7DDD3C8-BCE1-4F67-ACB2-C70DF49DF8FF}.Release|Any CPU.Build.0 = Release|Any CPU
	EndGlobalSection
	GlobalSection(SolutionProperties) = preSolution
		HideSolutionNode = FALSE
	EndGlobalSection
	GlobalSection(ExtensibilityGlobals) = postSolution
		SolutionGuid = {EA899DB2-62D9-467E-B832-54D51BFF69F0}
	EndGlobalSection
EndGlobal
